// !$*UTF8*$!
{
	archiveVersion = 1;
	classes = {
	};
	objectVersion = 46;
	objects = {

/* Begin PBXBuildFile section */
		042B30FE189A15BE00BBCC2F /* HAPFriendsFeedViewController.m in Sources */ = {isa = PBXBuildFile; fileRef = 042B30FD189A15BE00BBCC2F /* HAPFriendsFeedViewController.m */; };
		042B3101189B2BC800BBCC2F /* HAPSignUpViewController.m in Sources */ = {isa = PBXBuildFile; fileRef = 042B3100189B2BC800BBCC2F /* HAPSignUpViewController.m */; };
		042B310D18A0287200BBCC2F /* HAPLoginSignUpViewController.m in Sources */ = {isa = PBXBuildFile; fileRef = 042B310C18A0287200BBCC2F /* HAPLoginSignUpViewController.m */; };
		042B311018A038F000BBCC2F /* HAPLoginViewController.m in Sources */ = {isa = PBXBuildFile; fileRef = 042B310F18A038F000BBCC2F /* HAPLoginViewController.m */; };
		0459278218B55B7D00B8A13D /* HAPSelectEventTimeViewController.m in Sources */ = {isa = PBXBuildFile; fileRef = 0459278118B55B7D00B8A13D /* HAPSelectEventTimeViewController.m */; };
		045E4EEF18ADB5C200A480DD /* HAPAddEventViewController.m in Sources */ = {isa = PBXBuildFile; fileRef = 045E4EEE18ADB5C200A480DD /* HAPAddEventViewController.m */; };
		045E4EF218ADC79900A480DD /* HAPMyListViewController.m in Sources */ = {isa = PBXBuildFile; fileRef = 045E4EF118ADC79900A480DD /* HAPMyListViewController.m */; };
		04DD319A18A490FC008BA5DF /* HAPFeedViewController.m in Sources */ = {isa = PBXBuildFile; fileRef = 04DD319918A490FC008BA5DF /* HAPFeedViewController.m */; };
		04DD31A018A495E0008BA5DF /* RMMultipleViewsController.m in Sources */ = {isa = PBXBuildFile; fileRef = 04DD319E18A495E0008BA5DF /* RMMultipleViewsController.m */; };
		04DD31A118A495E0008BA5DF /* RMMultipleViewsController.xcassets in Resources */ = {isa = PBXBuildFile; fileRef = 04DD319F18A495E0008BA5DF /* RMMultipleViewsController.xcassets */; };
		29266DE718A19C84004F5916 /* Mark Simonson - Proxima Nova ScOsf Light.otf in Resources */ = {isa = PBXBuildFile; fileRef = 29266DE318A19C84004F5916 /* Mark Simonson - Proxima Nova ScOsf Light.otf */; };
		29266DE818A19C84004F5916 /* Mark Simonson - Proxima Nova ScOsf Regular.otf in Resources */ = {isa = PBXBuildFile; fileRef = 29266DE418A19C84004F5916 /* Mark Simonson - Proxima Nova ScOsf Regular.otf */; };
		29266DE918A19C84004F5916 /* Mark Simonson - Proxima Nova Semibold.otf in Resources */ = {isa = PBXBuildFile; fileRef = 29266DE518A19C84004F5916 /* Mark Simonson - Proxima Nova Semibold.otf */; };
		29266DEA18A19C84004F5916 /* Mark Simonson - Proxima Nova Thin.otf in Resources */ = {isa = PBXBuildFile; fileRef = 29266DE618A19C84004F5916 /* Mark Simonson - Proxima Nova Thin.otf */; };
		29266DEE18A1C068004F5916 /* logo.png in Resources */ = {isa = PBXBuildFile; fileRef = 29266DEC18A1C068004F5916 /* logo.png */; };
		29266DEF18A1C068004F5916 /* logo@2x.png in Resources */ = {isa = PBXBuildFile; fileRef = 29266DED18A1C068004F5916 /* logo@2x.png */; };
		293F2ED418A22F0700DDB17A /* tab-icons-feed.png in Resources */ = {isa = PBXBuildFile; fileRef = 293F2ED218A22F0700DDB17A /* tab-icons-feed.png */; };
		293F2ED518A22F0700DDB17A /* tab-icons-feed@2x.png in Resources */ = {isa = PBXBuildFile; fileRef = 293F2ED318A22F0700DDB17A /* tab-icons-feed@2x.png */; };
		293F2EDE18A22FA400DDB17A /* tab-icons-feed.png in Resources */ = {isa = PBXBuildFile; fileRef = 293F2ED618A22FA400DDB17A /* tab-icons-feed.png */; };
		293F2EDF18A22FA400DDB17A /* tab-icons-feed@2x.png in Resources */ = {isa = PBXBuildFile; fileRef = 293F2ED718A22FA400DDB17A /* tab-icons-feed@2x.png */; };
		293F2EE018A22FA400DDB17A /* tab-icons-friends.png in Resources */ = {isa = PBXBuildFile; fileRef = 293F2ED818A22FA400DDB17A /* tab-icons-friends.png */; };
		293F2EE118A22FA400DDB17A /* tab-icons-friends@2x.png in Resources */ = {isa = PBXBuildFile; fileRef = 293F2ED918A22FA400DDB17A /* tab-icons-friends@2x.png */; };
		293F2EE218A22FA400DDB17A /* tab-icons-mylist.png in Resources */ = {isa = PBXBuildFile; fileRef = 293F2EDA18A22FA400DDB17A /* tab-icons-mylist.png */; };
		293F2EE318A22FA400DDB17A /* tab-icons-mylist@2x.png in Resources */ = {isa = PBXBuildFile; fileRef = 293F2EDB18A22FA400DDB17A /* tab-icons-mylist@2x.png */; };
		293F2EE418A22FA400DDB17A /* tab-icons-news@.png in Resources */ = {isa = PBXBuildFile; fileRef = 293F2EDC18A22FA400DDB17A /* tab-icons-news@.png */; };
		293F2EE518A22FA400DDB17A /* tab-icons-news@2x.png in Resources */ = {isa = PBXBuildFile; fileRef = 293F2EDD18A22FA400DDB17A /* tab-icons-news@2x.png */; };
		297409F518BC86B200FB59C7 /* AddressBook.framework in Frameworks */ = {isa = PBXBuildFile; fileRef = 297409F418BC86B200FB59C7 /* AddressBook.framework */; };
		297409F718BC86B900FB59C7 /* AddressBookUI.framework in Frameworks */ = {isa = PBXBuildFile; fileRef = 297409F618BC86B900FB59C7 /* AddressBookUI.framework */; };
		297409FB18BC8AF400FB59C7 /* HAPFriendListViewController.m in Sources */ = {isa = PBXBuildFile; fileRef = 297409FA18BC8AF400FB59C7 /* HAPFriendListViewController.m */; };
		297409FE18BD694A00FB59C7 /* HAPAddFriendViewController.m in Sources */ = {isa = PBXBuildFile; fileRef = 297409FD18BD694A00FB59C7 /* HAPAddFriendViewController.m */; };
		29740A0118BE883200FB59C7 /* HAPSearchFriendViewController.m in Sources */ = {isa = PBXBuildFile; fileRef = 29740A0018BE883200FB59C7 /* HAPSearchFriendViewController.m */; };
		D999AD2A18BE8A2D00500FF4 /* HAPNewsViewController.m in Sources */ = {isa = PBXBuildFile; fileRef = D999AD2918BE8A2D00500FF4 /* HAPNewsViewController.m */; };
		D999AD3318BE915400500FF4 /* HAPNewsTableViewController.m in Sources */ = {isa = PBXBuildFile; fileRef = D999AD3218BE915400500FF4 /* HAPNewsTableViewController.m */; };
		D999AD3618BE916300500FF4 /* HAPFriendRequestTableViewController.m in Sources */ = {isa = PBXBuildFile; fileRef = D999AD3518BE916300500FF4 /* HAPFriendRequestTableViewController.m */; };
		D9A9715A1896DE5F002471D0 /* Foundation.framework in Frameworks */ = {isa = PBXBuildFile; fileRef = D9A971591896DE5F002471D0 /* Foundation.framework */; };
		D9A9715C1896DE5F002471D0 /* CoreGraphics.framework in Frameworks */ = {isa = PBXBuildFile; fileRef = D9A9715B1896DE5F002471D0 /* CoreGraphics.framework */; };
		D9A9715E1896DE5F002471D0 /* UIKit.framework in Frameworks */ = {isa = PBXBuildFile; fileRef = D9A9715D1896DE5F002471D0 /* UIKit.framework */; };
		D9A971641896DE5F002471D0 /* InfoPlist.strings in Resources */ = {isa = PBXBuildFile; fileRef = D9A971621896DE5F002471D0 /* InfoPlist.strings */; };
		D9A971661896DE5F002471D0 /* main.m in Sources */ = {isa = PBXBuildFile; fileRef = D9A971651896DE5F002471D0 /* main.m */; };
		D9A9716A1896DE5F002471D0 /* HAPAppDelegate.m in Sources */ = {isa = PBXBuildFile; fileRef = D9A971691896DE5F002471D0 /* HAPAppDelegate.m */; };
		D9A9716D1896DE5F002471D0 /* Main.storyboard in Resources */ = {isa = PBXBuildFile; fileRef = D9A9716B1896DE5F002471D0 /* Main.storyboard */; };
		D9A971751896DE5F002471D0 /* Images.xcassets in Resources */ = {isa = PBXBuildFile; fileRef = D9A971741896DE5F002471D0 /* Images.xcassets */; };
		D9A9717C1896DE5F002471D0 /* XCTest.framework in Frameworks */ = {isa = PBXBuildFile; fileRef = D9A9717B1896DE5F002471D0 /* XCTest.framework */; };
		D9A9717D1896DE5F002471D0 /* Foundation.framework in Frameworks */ = {isa = PBXBuildFile; fileRef = D9A971591896DE5F002471D0 /* Foundation.framework */; };
		D9A9717E1896DE5F002471D0 /* UIKit.framework in Frameworks */ = {isa = PBXBuildFile; fileRef = D9A9715D1896DE5F002471D0 /* UIKit.framework */; };
		D9A971861896DE5F002471D0 /* InfoPlist.strings in Resources */ = {isa = PBXBuildFile; fileRef = D9A971841896DE5F002471D0 /* InfoPlist.strings */; };
		D9A971881896DE5F002471D0 /* happen_appTests.m in Sources */ = {isa = PBXBuildFile; fileRef = D9A971871896DE5F002471D0 /* happen_appTests.m */; };
		D9A971921896E336002471D0 /* Parse.framework in Frameworks */ = {isa = PBXBuildFile; fileRef = D9A971911896E336002471D0 /* Parse.framework */; };
		D9A9719C1896E39F002471D0 /* AudioToolbox.framework in Frameworks */ = {isa = PBXBuildFile; fileRef = D9A971931896E39F002471D0 /* AudioToolbox.framework */; };
		D9A9719D1896E39F002471D0 /* CFNetwork.framework in Frameworks */ = {isa = PBXBuildFile; fileRef = D9A971941896E39F002471D0 /* CFNetwork.framework */; };
		D9A9719E1896E39F002471D0 /* CoreLocation.framework in Frameworks */ = {isa = PBXBuildFile; fileRef = D9A971951896E39F002471D0 /* CoreLocation.framework */; };
		D9A9719F1896E39F002471D0 /* libz.dylib in Frameworks */ = {isa = PBXBuildFile; fileRef = D9A971961896E39F002471D0 /* libz.dylib */; };
		D9A971A01896E39F002471D0 /* MobileCoreServices.framework in Frameworks */ = {isa = PBXBuildFile; fileRef = D9A971971896E39F002471D0 /* MobileCoreServices.framework */; };
		D9A971A11896E39F002471D0 /* QuartzCore.framework in Frameworks */ = {isa = PBXBuildFile; fileRef = D9A971981896E39F002471D0 /* QuartzCore.framework */; };
		D9A971A21896E39F002471D0 /* Security.framework in Frameworks */ = {isa = PBXBuildFile; fileRef = D9A971991896E39F002471D0 /* Security.framework */; };
		D9A971A31896E39F002471D0 /* StoreKit.framework in Frameworks */ = {isa = PBXBuildFile; fileRef = D9A9719A1896E39F002471D0 /* StoreKit.framework */; };
		D9A971A41896E39F002471D0 /* SystemConfiguration.framework in Frameworks */ = {isa = PBXBuildFile; fileRef = D9A9719B1896E39F002471D0 /* SystemConfiguration.framework */; };
/* End PBXBuildFile section */

/* Begin PBXContainerItemProxy section */
		D9A9717F1896DE5F002471D0 /* PBXContainerItemProxy */ = {
			isa = PBXContainerItemProxy;
			containerPortal = D9A9714E1896DE5F002471D0 /* Project object */;
			proxyType = 1;
			remoteGlobalIDString = D9A971551896DE5F002471D0;
			remoteInfo = "happen-app";
		};
/* End PBXContainerItemProxy section */

/* Begin PBXFileReference section */
		042B30FC189A15BE00BBCC2F /* HAPFriendsFeedViewController.h */ = {isa = PBXFileReference; fileEncoding = 4; lastKnownFileType = sourcecode.c.h; path = HAPFriendsFeedViewController.h; sourceTree = "<group>"; };
		042B30FD189A15BE00BBCC2F /* HAPFriendsFeedViewController.m */ = {isa = PBXFileReference; fileEncoding = 4; lastKnownFileType = sourcecode.c.objc; path = HAPFriendsFeedViewController.m; sourceTree = "<group>"; };
		042B30FF189B2BC800BBCC2F /* HAPSignUpViewController.h */ = {isa = PBXFileReference; fileEncoding = 4; lastKnownFileType = sourcecode.c.h; path = HAPSignUpViewController.h; sourceTree = "<group>"; };
		042B3100189B2BC800BBCC2F /* HAPSignUpViewController.m */ = {isa = PBXFileReference; fileEncoding = 4; lastKnownFileType = sourcecode.c.objc; path = HAPSignUpViewController.m; sourceTree = "<group>"; };
		042B310B18A0287200BBCC2F /* HAPLoginSignUpViewController.h */ = {isa = PBXFileReference; fileEncoding = 4; lastKnownFileType = sourcecode.c.h; path = HAPLoginSignUpViewController.h; sourceTree = "<group>"; };
		042B310C18A0287200BBCC2F /* HAPLoginSignUpViewController.m */ = {isa = PBXFileReference; fileEncoding = 4; lastKnownFileType = sourcecode.c.objc; path = HAPLoginSignUpViewController.m; sourceTree = "<group>"; };
		042B310E18A038F000BBCC2F /* HAPLoginViewController.h */ = {isa = PBXFileReference; fileEncoding = 4; lastKnownFileType = sourcecode.c.h; path = HAPLoginViewController.h; sourceTree = "<group>"; };
		042B310F18A038F000BBCC2F /* HAPLoginViewController.m */ = {isa = PBXFileReference; fileEncoding = 4; lastKnownFileType = sourcecode.c.objc; path = HAPLoginViewController.m; sourceTree = "<group>"; };
		0459278018B55B7D00B8A13D /* HAPSelectEventTimeViewController.h */ = {isa = PBXFileReference; fileEncoding = 4; lastKnownFileType = sourcecode.c.h; path = HAPSelectEventTimeViewController.h; sourceTree = "<group>"; };
		0459278118B55B7D00B8A13D /* HAPSelectEventTimeViewController.m */ = {isa = PBXFileReference; fileEncoding = 4; lastKnownFileType = sourcecode.c.objc; path = HAPSelectEventTimeViewController.m; sourceTree = "<group>"; };
		045E4EED18ADB5C200A480DD /* HAPAddEventViewController.h */ = {isa = PBXFileReference; fileEncoding = 4; lastKnownFileType = sourcecode.c.h; path = HAPAddEventViewController.h; sourceTree = "<group>"; };
		045E4EEE18ADB5C200A480DD /* HAPAddEventViewController.m */ = {isa = PBXFileReference; fileEncoding = 4; lastKnownFileType = sourcecode.c.objc; path = HAPAddEventViewController.m; sourceTree = "<group>"; };
		045E4EF018ADC79900A480DD /* HAPMyListViewController.h */ = {isa = PBXFileReference; fileEncoding = 4; lastKnownFileType = sourcecode.c.h; path = HAPMyListViewController.h; sourceTree = "<group>"; };
		045E4EF118ADC79900A480DD /* HAPMyListViewController.m */ = {isa = PBXFileReference; fileEncoding = 4; lastKnownFileType = sourcecode.c.objc; path = HAPMyListViewController.m; sourceTree = "<group>"; };
		04DD319818A490FC008BA5DF /* HAPFeedViewController.h */ = {isa = PBXFileReference; fileEncoding = 4; lastKnownFileType = sourcecode.c.h; path = HAPFeedViewController.h; sourceTree = "<group>"; };
		04DD319918A490FC008BA5DF /* HAPFeedViewController.m */ = {isa = PBXFileReference; fileEncoding = 4; lastKnownFileType = sourcecode.c.objc; path = HAPFeedViewController.m; sourceTree = "<group>"; };
		04DD319D18A495E0008BA5DF /* RMMultipleViewsController.h */ = {isa = PBXFileReference; fileEncoding = 4; lastKnownFileType = sourcecode.c.h; path = RMMultipleViewsController.h; sourceTree = "<group>"; };
		04DD319E18A495E0008BA5DF /* RMMultipleViewsController.m */ = {isa = PBXFileReference; fileEncoding = 4; lastKnownFileType = sourcecode.c.objc; path = RMMultipleViewsController.m; sourceTree = "<group>"; };
		04DD319F18A495E0008BA5DF /* RMMultipleViewsController.xcassets */ = {isa = PBXFileReference; lastKnownFileType = folder.assetcatalog; path = RMMultipleViewsController.xcassets; sourceTree = "<group>"; };
		29266DE318A19C84004F5916 /* Mark Simonson - Proxima Nova ScOsf Light.otf */ = {isa = PBXFileReference; lastKnownFileType = file; path = "Mark Simonson - Proxima Nova ScOsf Light.otf"; sourceTree = "<group>"; };
		29266DE418A19C84004F5916 /* Mark Simonson - Proxima Nova ScOsf Regular.otf */ = {isa = PBXFileReference; lastKnownFileType = file; path = "Mark Simonson - Proxima Nova ScOsf Regular.otf"; sourceTree = "<group>"; };
		29266DE518A19C84004F5916 /* Mark Simonson - Proxima Nova Semibold.otf */ = {isa = PBXFileReference; lastKnownFileType = file; path = "Mark Simonson - Proxima Nova Semibold.otf"; sourceTree = "<group>"; };
		29266DE618A19C84004F5916 /* Mark Simonson - Proxima Nova Thin.otf */ = {isa = PBXFileReference; lastKnownFileType = file; path = "Mark Simonson - Proxima Nova Thin.otf"; sourceTree = "<group>"; };
		29266DEC18A1C068004F5916 /* logo.png */ = {isa = PBXFileReference; lastKnownFileType = image.png; path = logo.png; sourceTree = "<group>"; };
		29266DED18A1C068004F5916 /* logo@2x.png */ = {isa = PBXFileReference; lastKnownFileType = image.png; path = "logo@2x.png"; sourceTree = "<group>"; };
		293F2ED218A22F0700DDB17A /* tab-icons-feed.png */ = {isa = PBXFileReference; lastKnownFileType = image.png; path = "tab-icons-feed.png"; sourceTree = "<group>"; };
		293F2ED318A22F0700DDB17A /* tab-icons-feed@2x.png */ = {isa = PBXFileReference; lastKnownFileType = image.png; path = "tab-icons-feed@2x.png"; sourceTree = "<group>"; };
		293F2ED618A22FA400DDB17A /* tab-icons-feed.png */ = {isa = PBXFileReference; lastKnownFileType = image.png; path = "tab-icons-feed.png"; sourceTree = "<group>"; };
		293F2ED718A22FA400DDB17A /* tab-icons-feed@2x.png */ = {isa = PBXFileReference; lastKnownFileType = image.png; path = "tab-icons-feed@2x.png"; sourceTree = "<group>"; };
		293F2ED818A22FA400DDB17A /* tab-icons-friends.png */ = {isa = PBXFileReference; lastKnownFileType = image.png; path = "tab-icons-friends.png"; sourceTree = "<group>"; };
		293F2ED918A22FA400DDB17A /* tab-icons-friends@2x.png */ = {isa = PBXFileReference; lastKnownFileType = image.png; path = "tab-icons-friends@2x.png"; sourceTree = "<group>"; };
		293F2EDA18A22FA400DDB17A /* tab-icons-mylist.png */ = {isa = PBXFileReference; lastKnownFileType = image.png; path = "tab-icons-mylist.png"; sourceTree = "<group>"; };
		293F2EDB18A22FA400DDB17A /* tab-icons-mylist@2x.png */ = {isa = PBXFileReference; lastKnownFileType = image.png; path = "tab-icons-mylist@2x.png"; sourceTree = "<group>"; };
		293F2EDC18A22FA400DDB17A /* tab-icons-news@.png */ = {isa = PBXFileReference; lastKnownFileType = image.png; path = "tab-icons-news@.png"; sourceTree = "<group>"; };
		293F2EDD18A22FA400DDB17A /* tab-icons-news@2x.png */ = {isa = PBXFileReference; lastKnownFileType = image.png; path = "tab-icons-news@2x.png"; sourceTree = "<group>"; };
		297409F418BC86B200FB59C7 /* AddressBook.framework */ = {isa = PBXFileReference; lastKnownFileType = wrapper.framework; name = AddressBook.framework; path = System/Library/Frameworks/AddressBook.framework; sourceTree = SDKROOT; };
		297409F618BC86B900FB59C7 /* AddressBookUI.framework */ = {isa = PBXFileReference; lastKnownFileType = wrapper.framework; name = AddressBookUI.framework; path = System/Library/Frameworks/AddressBookUI.framework; sourceTree = SDKROOT; };
		297409F918BC8AF400FB59C7 /* HAPFriendListViewController.h */ = {isa = PBXFileReference; fileEncoding = 4; lastKnownFileType = sourcecode.c.h; path = HAPFriendListViewController.h; sourceTree = "<group>"; };
		297409FA18BC8AF400FB59C7 /* HAPFriendListViewController.m */ = {isa = PBXFileReference; fileEncoding = 4; lastKnownFileType = sourcecode.c.objc; path = HAPFriendListViewController.m; sourceTree = "<group>"; };
		297409FC18BD694A00FB59C7 /* HAPAddFriendViewController.h */ = {isa = PBXFileReference; fileEncoding = 4; lastKnownFileType = sourcecode.c.h; path = HAPAddFriendViewController.h; sourceTree = "<group>"; };
		297409FD18BD694A00FB59C7 /* HAPAddFriendViewController.m */ = {isa = PBXFileReference; fileEncoding = 4; lastKnownFileType = sourcecode.c.objc; path = HAPAddFriendViewController.m; sourceTree = "<group>"; };
		297409FF18BE883200FB59C7 /* HAPSearchFriendViewController.h */ = {isa = PBXFileReference; fileEncoding = 4; lastKnownFileType = sourcecode.c.h; path = HAPSearchFriendViewController.h; sourceTree = "<group>"; };
		29740A0018BE883200FB59C7 /* HAPSearchFriendViewController.m */ = {isa = PBXFileReference; fileEncoding = 4; lastKnownFileType = sourcecode.c.objc; path = HAPSearchFriendViewController.m; sourceTree = "<group>"; };
		D999AD2818BE8A2D00500FF4 /* HAPNewsViewController.h */ = {isa = PBXFileReference; fileEncoding = 4; lastKnownFileType = sourcecode.c.h; path = HAPNewsViewController.h; sourceTree = "<group>"; };
		D999AD2918BE8A2D00500FF4 /* HAPNewsViewController.m */ = {isa = PBXFileReference; fileEncoding = 4; lastKnownFileType = sourcecode.c.objc; path = HAPNewsViewController.m; sourceTree = "<group>"; };
		D999AD3118BE915400500FF4 /* HAPNewsTableViewController.h */ = {isa = PBXFileReference; fileEncoding = 4; lastKnownFileType = sourcecode.c.h; path = HAPNewsTableViewController.h; sourceTree = "<group>"; };
		D999AD3218BE915400500FF4 /* HAPNewsTableViewController.m */ = {isa = PBXFileReference; fileEncoding = 4; lastKnownFileType = sourcecode.c.objc; path = HAPNewsTableViewController.m; sourceTree = "<group>"; };
		D999AD3418BE916300500FF4 /* HAPFriendRequestTableViewController.h */ = {isa = PBXFileReference; fileEncoding = 4; lastKnownFileType = sourcecode.c.h; path = HAPFriendRequestTableViewController.h; sourceTree = "<group>"; };
		D999AD3518BE916300500FF4 /* HAPFriendRequestTableViewController.m */ = {isa = PBXFileReference; fileEncoding = 4; lastKnownFileType = sourcecode.c.objc; path = HAPFriendRequestTableViewController.m; sourceTree = "<group>"; };
		D9A971561896DE5F002471D0 /* happen-app.app */ = {isa = PBXFileReference; explicitFileType = wrapper.application; includeInIndex = 0; path = "happen-app.app"; sourceTree = BUILT_PRODUCTS_DIR; };
		D9A971591896DE5F002471D0 /* Foundation.framework */ = {isa = PBXFileReference; lastKnownFileType = wrapper.framework; name = Foundation.framework; path = System/Library/Frameworks/Foundation.framework; sourceTree = SDKROOT; };
		D9A9715B1896DE5F002471D0 /* CoreGraphics.framework */ = {isa = PBXFileReference; lastKnownFileType = wrapper.framework; name = CoreGraphics.framework; path = System/Library/Frameworks/CoreGraphics.framework; sourceTree = SDKROOT; };
		D9A9715D1896DE5F002471D0 /* UIKit.framework */ = {isa = PBXFileReference; lastKnownFileType = wrapper.framework; name = UIKit.framework; path = System/Library/Frameworks/UIKit.framework; sourceTree = SDKROOT; };
		D9A971611896DE5F002471D0 /* happen-app-Info.plist */ = {isa = PBXFileReference; lastKnownFileType = text.plist.xml; path = "happen-app-Info.plist"; sourceTree = "<group>"; };
		D9A971631896DE5F002471D0 /* en */ = {isa = PBXFileReference; lastKnownFileType = text.plist.strings; name = en; path = en.lproj/InfoPlist.strings; sourceTree = "<group>"; };
		D9A971651896DE5F002471D0 /* main.m */ = {isa = PBXFileReference; lastKnownFileType = sourcecode.c.objc; path = main.m; sourceTree = "<group>"; };
		D9A971671896DE5F002471D0 /* happen-app-Prefix.pch */ = {isa = PBXFileReference; lastKnownFileType = sourcecode.c.h; path = "happen-app-Prefix.pch"; sourceTree = "<group>"; };
		D9A971681896DE5F002471D0 /* HAPAppDelegate.h */ = {isa = PBXFileReference; lastKnownFileType = sourcecode.c.h; path = HAPAppDelegate.h; sourceTree = "<group>"; };
		D9A971691896DE5F002471D0 /* HAPAppDelegate.m */ = {isa = PBXFileReference; lastKnownFileType = sourcecode.c.objc; path = HAPAppDelegate.m; sourceTree = "<group>"; };
		D9A9716C1896DE5F002471D0 /* Base */ = {isa = PBXFileReference; lastKnownFileType = file.storyboard; name = Base; path = Base.lproj/Main.storyboard; sourceTree = "<group>"; };
		D9A971741896DE5F002471D0 /* Images.xcassets */ = {isa = PBXFileReference; lastKnownFileType = folder.assetcatalog; path = Images.xcassets; sourceTree = "<group>"; };
		D9A9717A1896DE5F002471D0 /* happen-appTests.xctest */ = {isa = PBXFileReference; explicitFileType = wrapper.cfbundle; includeInIndex = 0; path = "happen-appTests.xctest"; sourceTree = BUILT_PRODUCTS_DIR; };
		D9A9717B1896DE5F002471D0 /* XCTest.framework */ = {isa = PBXFileReference; lastKnownFileType = wrapper.framework; name = XCTest.framework; path = Library/Frameworks/XCTest.framework; sourceTree = DEVELOPER_DIR; };
		D9A971831896DE5F002471D0 /* happen-appTests-Info.plist */ = {isa = PBXFileReference; lastKnownFileType = text.plist.xml; path = "happen-appTests-Info.plist"; sourceTree = "<group>"; };
		D9A971851896DE5F002471D0 /* en */ = {isa = PBXFileReference; lastKnownFileType = text.plist.strings; name = en; path = en.lproj/InfoPlist.strings; sourceTree = "<group>"; };
		D9A971871896DE5F002471D0 /* happen_appTests.m */ = {isa = PBXFileReference; lastKnownFileType = sourcecode.c.objc; path = happen_appTests.m; sourceTree = "<group>"; };
		D9A971911896E336002471D0 /* Parse.framework */ = {isa = PBXFileReference; lastKnownFileType = wrapper.framework; path = Parse.framework; sourceTree = "<group>"; };
		D9A971931896E39F002471D0 /* AudioToolbox.framework */ = {isa = PBXFileReference; lastKnownFileType = wrapper.framework; name = AudioToolbox.framework; path = System/Library/Frameworks/AudioToolbox.framework; sourceTree = SDKROOT; };
		D9A971941896E39F002471D0 /* CFNetwork.framework */ = {isa = PBXFileReference; lastKnownFileType = wrapper.framework; name = CFNetwork.framework; path = System/Library/Frameworks/CFNetwork.framework; sourceTree = SDKROOT; };
		D9A971951896E39F002471D0 /* CoreLocation.framework */ = {isa = PBXFileReference; lastKnownFileType = wrapper.framework; name = CoreLocation.framework; path = System/Library/Frameworks/CoreLocation.framework; sourceTree = SDKROOT; };
		D9A971961896E39F002471D0 /* libz.dylib */ = {isa = PBXFileReference; lastKnownFileType = "compiled.mach-o.dylib"; name = libz.dylib; path = usr/lib/libz.dylib; sourceTree = SDKROOT; };
		D9A971971896E39F002471D0 /* MobileCoreServices.framework */ = {isa = PBXFileReference; lastKnownFileType = wrapper.framework; name = MobileCoreServices.framework; path = System/Library/Frameworks/MobileCoreServices.framework; sourceTree = SDKROOT; };
		D9A971981896E39F002471D0 /* QuartzCore.framework */ = {isa = PBXFileReference; lastKnownFileType = wrapper.framework; name = QuartzCore.framework; path = System/Library/Frameworks/QuartzCore.framework; sourceTree = SDKROOT; };
		D9A971991896E39F002471D0 /* Security.framework */ = {isa = PBXFileReference; lastKnownFileType = wrapper.framework; name = Security.framework; path = System/Library/Frameworks/Security.framework; sourceTree = SDKROOT; };
		D9A9719A1896E39F002471D0 /* StoreKit.framework */ = {isa = PBXFileReference; lastKnownFileType = wrapper.framework; name = StoreKit.framework; path = System/Library/Frameworks/StoreKit.framework; sourceTree = SDKROOT; };
		D9A9719B1896E39F002471D0 /* SystemConfiguration.framework */ = {isa = PBXFileReference; lastKnownFileType = wrapper.framework; name = SystemConfiguration.framework; path = System/Library/Frameworks/SystemConfiguration.framework; sourceTree = SDKROOT; };
/* End PBXFileReference section */

/* Begin PBXFrameworksBuildPhase section */
		D9A971531896DE5F002471D0 /* Frameworks */ = {
			isa = PBXFrameworksBuildPhase;
			buildActionMask = 2147483647;
			files = (
				297409F718BC86B900FB59C7 /* AddressBookUI.framework in Frameworks */,
				297409F518BC86B200FB59C7 /* AddressBook.framework in Frameworks */,
				D9A9719C1896E39F002471D0 /* AudioToolbox.framework in Frameworks */,
				D9A9719D1896E39F002471D0 /* CFNetwork.framework in Frameworks */,
				D9A9719E1896E39F002471D0 /* CoreLocation.framework in Frameworks */,
				D9A9719F1896E39F002471D0 /* libz.dylib in Frameworks */,
				D9A971A01896E39F002471D0 /* MobileCoreServices.framework in Frameworks */,
				D9A971A11896E39F002471D0 /* QuartzCore.framework in Frameworks */,
				D9A971A21896E39F002471D0 /* Security.framework in Frameworks */,
				D9A971A31896E39F002471D0 /* StoreKit.framework in Frameworks */,
				D9A971A41896E39F002471D0 /* SystemConfiguration.framework in Frameworks */,
				D9A9715C1896DE5F002471D0 /* CoreGraphics.framework in Frameworks */,
				D9A9715E1896DE5F002471D0 /* UIKit.framework in Frameworks */,
				D9A971921896E336002471D0 /* Parse.framework in Frameworks */,
				D9A9715A1896DE5F002471D0 /* Foundation.framework in Frameworks */,
			);
			runOnlyForDeploymentPostprocessing = 0;
		};
		D9A971771896DE5F002471D0 /* Frameworks */ = {
			isa = PBXFrameworksBuildPhase;
			buildActionMask = 2147483647;
			files = (
				D9A9717C1896DE5F002471D0 /* XCTest.framework in Frameworks */,
				D9A9717E1896DE5F002471D0 /* UIKit.framework in Frameworks */,
				D9A9717D1896DE5F002471D0 /* Foundation.framework in Frameworks */,
			);
			runOnlyForDeploymentPostprocessing = 0;
		};
/* End PBXFrameworksBuildPhase section */

/* Begin PBXGroup section */
		042B30FB189A131400BBCC2F /* Controllers */ = {
			isa = PBXGroup;
			children = (
				D999AD2718BE89AA00500FF4 /* News */,
				297409F818BC870100FB59C7 /* Friends */,
				045E4EEC18ADB57E00A480DD /* MyList */,
				045E4EE918ADB51700A480DD /* Login */,
				045E4EEB18ADB53700A480DD /* Feed */,
			);
			name = Controllers;
			sourceTree = "<group>";
		};
		045E4EE918ADB51700A480DD /* Login */ = {
			isa = PBXGroup;
			children = (
				042B30FF189B2BC800BBCC2F /* HAPSignUpViewController.h */,
				042B3100189B2BC800BBCC2F /* HAPSignUpViewController.m */,
				042B310B18A0287200BBCC2F /* HAPLoginSignUpViewController.h */,
				042B310C18A0287200BBCC2F /* HAPLoginSignUpViewController.m */,
				042B310E18A038F000BBCC2F /* HAPLoginViewController.h */,
				042B310F18A038F000BBCC2F /* HAPLoginViewController.m */,
			);
			name = Login;
			sourceTree = "<group>";
		};
		045E4EEB18ADB53700A480DD /* Feed */ = {
			isa = PBXGroup;
			children = (
				042B30FC189A15BE00BBCC2F /* HAPFriendsFeedViewController.h */,
				042B30FD189A15BE00BBCC2F /* HAPFriendsFeedViewController.m */,
				04DD319818A490FC008BA5DF /* HAPFeedViewController.h */,
				04DD319918A490FC008BA5DF /* HAPFeedViewController.m */,
			);
			name = Feed;
			sourceTree = "<group>";
		};
		045E4EEC18ADB57E00A480DD /* MyList */ = {
			isa = PBXGroup;
			children = (
				045E4EED18ADB5C200A480DD /* HAPAddEventViewController.h */,
				045E4EEE18ADB5C200A480DD /* HAPAddEventViewController.m */,
				045E4EF018ADC79900A480DD /* HAPMyListViewController.h */,
				045E4EF118ADC79900A480DD /* HAPMyListViewController.m */,
				0459278018B55B7D00B8A13D /* HAPSelectEventTimeViewController.h */,
				0459278118B55B7D00B8A13D /* HAPSelectEventTimeViewController.m */,
			);
			name = MyList;
			sourceTree = "<group>";
		};
		04DD319C18A495E0008BA5DF /* RMMultipleViewsController */ = {
			isa = PBXGroup;
			children = (
				04DD319D18A495E0008BA5DF /* RMMultipleViewsController.h */,
				04DD319E18A495E0008BA5DF /* RMMultipleViewsController.m */,
				04DD319F18A495E0008BA5DF /* RMMultipleViewsController.xcassets */,
			);
			name = RMMultipleViewsController;
			path = ../RMMultipleViewsController;
			sourceTree = "<group>";
		};
		29266DE118A19C0A004F5916 /* Resources */ = {
			isa = PBXGroup;
			children = (
				04DD319C18A495E0008BA5DF /* RMMultipleViewsController */,
				29266DEB18A1C054004F5916 /* Images */,
				29266DE218A19C12004F5916 /* Fonts */,
			);
			name = Resources;
			sourceTree = "<group>";
		};
		29266DE218A19C12004F5916 /* Fonts */ = {
			isa = PBXGroup;
			children = (
				29266DE318A19C84004F5916 /* Mark Simonson - Proxima Nova ScOsf Light.otf */,
				29266DE418A19C84004F5916 /* Mark Simonson - Proxima Nova ScOsf Regular.otf */,
				29266DE518A19C84004F5916 /* Mark Simonson - Proxima Nova Semibold.otf */,
				29266DE618A19C84004F5916 /* Mark Simonson - Proxima Nova Thin.otf */,
			);
			name = Fonts;
			sourceTree = "<group>";
		};
		29266DEB18A1C054004F5916 /* Images */ = {
			isa = PBXGroup;
			children = (
				293F2ED618A22FA400DDB17A /* tab-icons-feed.png */,
				293F2ED718A22FA400DDB17A /* tab-icons-feed@2x.png */,
				293F2ED818A22FA400DDB17A /* tab-icons-friends.png */,
				293F2ED918A22FA400DDB17A /* tab-icons-friends@2x.png */,
				293F2EDA18A22FA400DDB17A /* tab-icons-mylist.png */,
				293F2EDB18A22FA400DDB17A /* tab-icons-mylist@2x.png */,
				293F2EDC18A22FA400DDB17A /* tab-icons-news@.png */,
				293F2EDD18A22FA400DDB17A /* tab-icons-news@2x.png */,
				293F2ED218A22F0700DDB17A /* tab-icons-feed.png */,
				293F2ED318A22F0700DDB17A /* tab-icons-feed@2x.png */,
				29266DEC18A1C068004F5916 /* logo.png */,
				29266DED18A1C068004F5916 /* logo@2x.png */,
			);
			name = Images;
			sourceTree = "<group>";
		};
		297409F818BC870100FB59C7 /* Friends */ = {
			isa = PBXGroup;
			children = (
				297409F918BC8AF400FB59C7 /* HAPFriendListViewController.h */,
				297409FA18BC8AF400FB59C7 /* HAPFriendListViewController.m */,
				297409FC18BD694A00FB59C7 /* HAPAddFriendViewController.h */,
				297409FD18BD694A00FB59C7 /* HAPAddFriendViewController.m */,
				297409FF18BE883200FB59C7 /* HAPSearchFriendViewController.h */,
				29740A0018BE883200FB59C7 /* HAPSearchFriendViewController.m */,
			);
			name = Friends;
			sourceTree = "<group>";
		};
		D999AD2718BE89AA00500FF4 /* News */ = {
			isa = PBXGroup;
			children = (
				D999AD2818BE8A2D00500FF4 /* HAPNewsViewController.h */,
				D999AD2918BE8A2D00500FF4 /* HAPNewsViewController.m */,
				D999AD3118BE915400500FF4 /* HAPNewsTableViewController.h */,
				D999AD3218BE915400500FF4 /* HAPNewsTableViewController.m */,
				D999AD3418BE916300500FF4 /* HAPFriendRequestTableViewController.h */,
				D999AD3518BE916300500FF4 /* HAPFriendRequestTableViewController.m */,
			);
			name = News;
			sourceTree = "<group>";
		};
		D9A9714D1896DE5F002471D0 = {
			isa = PBXGroup;
			children = (
				D9A9715F1896DE5F002471D0 /* happen-app */,
				D9A971811896DE5F002471D0 /* happen-appTests */,
				D9A971581896DE5F002471D0 /* Frameworks */,
				D9A971571896DE5F002471D0 /* Products */,
			);
			sourceTree = "<group>";
		};
		D9A971571896DE5F002471D0 /* Products */ = {
			isa = PBXGroup;
			children = (
				D9A971561896DE5F002471D0 /* happen-app.app */,
				D9A9717A1896DE5F002471D0 /* happen-appTests.xctest */,
			);
			name = Products;
			sourceTree = "<group>";
		};
		D9A971581896DE5F002471D0 /* Frameworks */ = {
			isa = PBXGroup;
			children = (
				297409F618BC86B900FB59C7 /* AddressBookUI.framework */,
				297409F418BC86B200FB59C7 /* AddressBook.framework */,
				D9A971931896E39F002471D0 /* AudioToolbox.framework */,
				D9A971941896E39F002471D0 /* CFNetwork.framework */,
				D9A971951896E39F002471D0 /* CoreLocation.framework */,
				D9A971961896E39F002471D0 /* libz.dylib */,
				D9A971971896E39F002471D0 /* MobileCoreServices.framework */,
				D9A971981896E39F002471D0 /* QuartzCore.framework */,
				D9A971991896E39F002471D0 /* Security.framework */,
				D9A9719A1896E39F002471D0 /* StoreKit.framework */,
				D9A9719B1896E39F002471D0 /* SystemConfiguration.framework */,
				D9A971911896E336002471D0 /* Parse.framework */,
				D9A971591896DE5F002471D0 /* Foundation.framework */,
				D9A9715B1896DE5F002471D0 /* CoreGraphics.framework */,
				D9A9715D1896DE5F002471D0 /* UIKit.framework */,
				D9A9717B1896DE5F002471D0 /* XCTest.framework */,
			);
			name = Frameworks;
			sourceTree = "<group>";
		};
		D9A9715F1896DE5F002471D0 /* happen-app */ = {
			isa = PBXGroup;
			children = (
				D9A971681896DE5F002471D0 /* HAPAppDelegate.h */,
				D9A971691896DE5F002471D0 /* HAPAppDelegate.m */,
				29266DE118A19C0A004F5916 /* Resources */,
				042B30FB189A131400BBCC2F /* Controllers */,
				D9A971741896DE5F002471D0 /* Images.xcassets */,
				D9A971601896DE5F002471D0 /* Supporting Files */,
				D9A9716B1896DE5F002471D0 /* Main.storyboard */,
			);
			path = "happen-app";
			sourceTree = "<group>";
		};
		D9A971601896DE5F002471D0 /* Supporting Files */ = {
			isa = PBXGroup;
			children = (
				D9A971611896DE5F002471D0 /* happen-app-Info.plist */,
				D9A971621896DE5F002471D0 /* InfoPlist.strings */,
				D9A971651896DE5F002471D0 /* main.m */,
				D9A971671896DE5F002471D0 /* happen-app-Prefix.pch */,
			);
			name = "Supporting Files";
			sourceTree = "<group>";
		};
		D9A971811896DE5F002471D0 /* happen-appTests */ = {
			isa = PBXGroup;
			children = (
				D9A971871896DE5F002471D0 /* happen_appTests.m */,
				D9A971821896DE5F002471D0 /* Supporting Files */,
			);
			path = "happen-appTests";
			sourceTree = "<group>";
		};
		D9A971821896DE5F002471D0 /* Supporting Files */ = {
			isa = PBXGroup;
			children = (
				D9A971831896DE5F002471D0 /* happen-appTests-Info.plist */,
				D9A971841896DE5F002471D0 /* InfoPlist.strings */,
			);
			name = "Supporting Files";
			sourceTree = "<group>";
		};
/* End PBXGroup section */

/* Begin PBXNativeTarget section */
		D9A971551896DE5F002471D0 /* happen-app */ = {
			isa = PBXNativeTarget;
			buildConfigurationList = D9A9718B1896DE5F002471D0 /* Build configuration list for PBXNativeTarget "happen-app" */;
			buildPhases = (
				D9A971521896DE5F002471D0 /* Sources */,
				D9A971531896DE5F002471D0 /* Frameworks */,
				D9A971541896DE5F002471D0 /* Resources */,
			);
			buildRules = (
			);
			dependencies = (
			);
			name = "happen-app";
			productName = "happen-app";
			productReference = D9A971561896DE5F002471D0 /* happen-app.app */;
			productType = "com.apple.product-type.application";
		};
		D9A971791896DE5F002471D0 /* happen-appTests */ = {
			isa = PBXNativeTarget;
			buildConfigurationList = D9A9718E1896DE5F002471D0 /* Build configuration list for PBXNativeTarget "happen-appTests" */;
			buildPhases = (
				D9A971761896DE5F002471D0 /* Sources */,
				D9A971771896DE5F002471D0 /* Frameworks */,
				D9A971781896DE5F002471D0 /* Resources */,
			);
			buildRules = (
			);
			dependencies = (
				D9A971801896DE5F002471D0 /* PBXTargetDependency */,
			);
			name = "happen-appTests";
			productName = "happen-appTests";
			productReference = D9A9717A1896DE5F002471D0 /* happen-appTests.xctest */;
			productType = "com.apple.product-type.bundle.unit-test";
		};
/* End PBXNativeTarget section */

/* Begin PBXProject section */
		D9A9714E1896DE5F002471D0 /* Project object */ = {
			isa = PBXProject;
			attributes = {
				CLASSPREFIX = HAP;
				LastUpgradeCheck = 0500;
				ORGANIZATIONNAME = Happen;
				TargetAttributes = {
					D9A971791896DE5F002471D0 = {
						TestTargetID = D9A971551896DE5F002471D0;
					};
				};
			};
			buildConfigurationList = D9A971511896DE5F002471D0 /* Build configuration list for PBXProject "happen-app" */;
			compatibilityVersion = "Xcode 3.2";
			developmentRegion = English;
			hasScannedForEncodings = 0;
			knownRegions = (
				en,
				Base,
			);
			mainGroup = D9A9714D1896DE5F002471D0;
			productRefGroup = D9A971571896DE5F002471D0 /* Products */;
			projectDirPath = "";
			projectRoot = "";
			targets = (
				D9A971551896DE5F002471D0 /* happen-app */,
				D9A971791896DE5F002471D0 /* happen-appTests */,
			);
		};
/* End PBXProject section */

/* Begin PBXResourcesBuildPhase section */
		D9A971541896DE5F002471D0 /* Resources */ = {
			isa = PBXResourcesBuildPhase;
			buildActionMask = 2147483647;
			files = (
				293F2EE418A22FA400DDB17A /* tab-icons-news@.png in Resources */,
				D9A971751896DE5F002471D0 /* Images.xcassets in Resources */,
				293F2EE318A22FA400DDB17A /* tab-icons-mylist@2x.png in Resources */,
				29266DEA18A19C84004F5916 /* Mark Simonson - Proxima Nova Thin.otf in Resources */,
				293F2ED518A22F0700DDB17A /* tab-icons-feed@2x.png in Resources */,
				29266DE918A19C84004F5916 /* Mark Simonson - Proxima Nova Semibold.otf in Resources */,
				293F2EE118A22FA400DDB17A /* tab-icons-friends@2x.png in Resources */,
				D9A971641896DE5F002471D0 /* InfoPlist.strings in Resources */,
				293F2EE218A22FA400DDB17A /* tab-icons-mylist.png in Resources */,
				29266DEE18A1C068004F5916 /* logo.png in Resources */,
				293F2EDE18A22FA400DDB17A /* tab-icons-feed.png in Resources */,
				D9A9716D1896DE5F002471D0 /* Main.storyboard in Resources */,
				29266DE718A19C84004F5916 /* Mark Simonson - Proxima Nova ScOsf Light.otf in Resources */,
				293F2EE518A22FA400DDB17A /* tab-icons-news@2x.png in Resources */,
				29266DEF18A1C068004F5916 /* logo@2x.png in Resources */,
				293F2EE018A22FA400DDB17A /* tab-icons-friends.png in Resources */,
				293F2EDF18A22FA400DDB17A /* tab-icons-feed@2x.png in Resources */,
				293F2ED418A22F0700DDB17A /* tab-icons-feed.png in Resources */,
				29266DE818A19C84004F5916 /* Mark Simonson - Proxima Nova ScOsf Regular.otf in Resources */,
				04DD31A118A495E0008BA5DF /* RMMultipleViewsController.xcassets in Resources */,
			);
			runOnlyForDeploymentPostprocessing = 0;
		};
		D9A971781896DE5F002471D0 /* Resources */ = {
			isa = PBXResourcesBuildPhase;
			buildActionMask = 2147483647;
			files = (
				D9A971861896DE5F002471D0 /* InfoPlist.strings in Resources */,
			);
			runOnlyForDeploymentPostprocessing = 0;
		};
/* End PBXResourcesBuildPhase section */

/* Begin PBXSourcesBuildPhase section */
		D9A971521896DE5F002471D0 /* Sources */ = {
			isa = PBXSourcesBuildPhase;
			buildActionMask = 2147483647;
			files = (
				D9A9716A1896DE5F002471D0 /* HAPAppDelegate.m in Sources */,
				042B30FE189A15BE00BBCC2F /* HAPFriendsFeedViewController.m in Sources */,
				042B311018A038F000BBCC2F /* HAPLoginViewController.m in Sources */,
				045E4EEF18ADB5C200A480DD /* HAPAddEventViewController.m in Sources */,
				D999AD3318BE915400500FF4 /* HAPNewsTableViewController.m in Sources */,
				297409FB18BC8AF400FB59C7 /* HAPFriendListViewController.m in Sources */,
				04DD31A018A495E0008BA5DF /* RMMultipleViewsController.m in Sources */,
				29740A0118BE883200FB59C7 /* HAPSearchFriendViewController.m in Sources */,
				D999AD3618BE916300500FF4 /* HAPFriendRequestTableViewController.m in Sources */,
				04DD319A18A490FC008BA5DF /* HAPFeedViewController.m in Sources */,
				0459278218B55B7D00B8A13D /* HAPSelectEventTimeViewController.m in Sources */,
				045E4EF218ADC79900A480DD /* HAPMyListViewController.m in Sources */,
				042B3101189B2BC800BBCC2F /* HAPSignUpViewController.m in Sources */,
				D999AD2A18BE8A2D00500FF4 /* HAPNewsViewController.m in Sources */,
				042B310D18A0287200BBCC2F /* HAPLoginSignUpViewController.m in Sources */,
				D9A971661896DE5F002471D0 /* main.m in Sources */,
				297409FE18BD694A00FB59C7 /* HAPAddFriendViewController.m in Sources */,
			);
			runOnlyForDeploymentPostprocessing = 0;
		};
		D9A971761896DE5F002471D0 /* Sources */ = {
			isa = PBXSourcesBuildPhase;
			buildActionMask = 2147483647;
			files = (
				D9A971881896DE5F002471D0 /* happen_appTests.m in Sources */,
			);
			runOnlyForDeploymentPostprocessing = 0;
		};
/* End PBXSourcesBuildPhase section */

/* Begin PBXTargetDependency section */
		D9A971801896DE5F002471D0 /* PBXTargetDependency */ = {
			isa = PBXTargetDependency;
			target = D9A971551896DE5F002471D0 /* happen-app */;
			targetProxy = D9A9717F1896DE5F002471D0 /* PBXContainerItemProxy */;
		};
/* End PBXTargetDependency section */

/* Begin PBXVariantGroup section */
		D9A971621896DE5F002471D0 /* InfoPlist.strings */ = {
			isa = PBXVariantGroup;
			children = (
				D9A971631896DE5F002471D0 /* en */,
			);
			name = InfoPlist.strings;
			sourceTree = "<group>";
		};
		D9A9716B1896DE5F002471D0 /* Main.storyboard */ = {
			isa = PBXVariantGroup;
			children = (
				D9A9716C1896DE5F002471D0 /* Base */,
			);
			name = Main.storyboard;
			sourceTree = "<group>";
		};
		D9A971841896DE5F002471D0 /* InfoPlist.strings */ = {
			isa = PBXVariantGroup;
			children = (
				D9A971851896DE5F002471D0 /* en */,
			);
			name = InfoPlist.strings;
			sourceTree = "<group>";
		};
/* End PBXVariantGroup section */

/* Begin XCBuildConfiguration section */
		D9A971891896DE5F002471D0 /* Debug */ = {
			isa = XCBuildConfiguration;
			buildSettings = {
				ALWAYS_SEARCH_USER_PATHS = NO;
				ARCHS = "$(ARCHS_STANDARD_INCLUDING_64_BIT)";
				CLANG_CXX_LANGUAGE_STANDARD = "gnu++0x";
				CLANG_CXX_LIBRARY = "libc++";
				CLANG_ENABLE_MODULES = YES;
				CLANG_ENABLE_OBJC_ARC = YES;
				CLANG_WARN_BOOL_CONVERSION = YES;
				CLANG_WARN_CONSTANT_CONVERSION = YES;
				CLANG_WARN_DIRECT_OBJC_ISA_USAGE = YES_ERROR;
				CLANG_WARN_EMPTY_BODY = YES;
				CLANG_WARN_ENUM_CONVERSION = YES;
				CLANG_WARN_INT_CONVERSION = YES;
				CLANG_WARN_OBJC_ROOT_CLASS = YES_ERROR;
				CLANG_WARN__DUPLICATE_METHOD_MATCH = YES;
				"CODE_SIGN_IDENTITY[sdk=iphoneos*]" = "iPhone Developer";
				COPY_PHASE_STRIP = NO;
				GCC_C_LANGUAGE_STANDARD = gnu99;
				GCC_DYNAMIC_NO_PIC = NO;
				GCC_OPTIMIZATION_LEVEL = 0;
				GCC_PREPROCESSOR_DEFINITIONS = (
					"DEBUG=1",
					"$(inherited)",
				);
				GCC_SYMBOLS_PRIVATE_EXTERN = NO;
				GCC_WARN_64_TO_32_BIT_CONVERSION = YES;
				GCC_WARN_ABOUT_RETURN_TYPE = YES_ERROR;
				GCC_WARN_UNDECLARED_SELECTOR = YES;
				GCC_WARN_UNINITIALIZED_AUTOS = YES;
				GCC_WARN_UNUSED_FUNCTION = YES;
				GCC_WARN_UNUSED_VARIABLE = YES;
				IPHONEOS_DEPLOYMENT_TARGET = 7.0;
				ONLY_ACTIVE_ARCH = YES;
				SDKROOT = iphoneos;
			};
			name = Debug;
		};
		D9A9718A1896DE5F002471D0 /* Release */ = {
			isa = XCBuildConfiguration;
			buildSettings = {
				ALWAYS_SEARCH_USER_PATHS = NO;
				ARCHS = "$(ARCHS_STANDARD_INCLUDING_64_BIT)";
				CLANG_CXX_LANGUAGE_STANDARD = "gnu++0x";
				CLANG_CXX_LIBRARY = "libc++";
				CLANG_ENABLE_MODULES = YES;
				CLANG_ENABLE_OBJC_ARC = YES;
				CLANG_WARN_BOOL_CONVERSION = YES;
				CLANG_WARN_CONSTANT_CONVERSION = YES;
				CLANG_WARN_DIRECT_OBJC_ISA_USAGE = YES_ERROR;
				CLANG_WARN_EMPTY_BODY = YES;
				CLANG_WARN_ENUM_CONVERSION = YES;
				CLANG_WARN_INT_CONVERSION = YES;
				CLANG_WARN_OBJC_ROOT_CLASS = YES_ERROR;
				CLANG_WARN__DUPLICATE_METHOD_MATCH = YES;
				"CODE_SIGN_IDENTITY[sdk=iphoneos*]" = "iPhone Developer";
				COPY_PHASE_STRIP = YES;
				ENABLE_NS_ASSERTIONS = NO;
				GCC_C_LANGUAGE_STANDARD = gnu99;
				GCC_WARN_64_TO_32_BIT_CONVERSION = YES;
				GCC_WARN_ABOUT_RETURN_TYPE = YES_ERROR;
				GCC_WARN_UNDECLARED_SELECTOR = YES;
				GCC_WARN_UNINITIALIZED_AUTOS = YES;
				GCC_WARN_UNUSED_FUNCTION = YES;
				GCC_WARN_UNUSED_VARIABLE = YES;
				IPHONEOS_DEPLOYMENT_TARGET = 7.0;
				SDKROOT = iphoneos;
				VALIDATE_PRODUCT = YES;
			};
			name = Release;
		};
		D9A9718C1896DE5F002471D0 /* Debug */ = {
			isa = XCBuildConfiguration;
			buildSettings = {
				ASSETCATALOG_COMPILER_APPICON_NAME = AppIcon;
				ASSETCATALOG_COMPILER_LAUNCHIMAGE_NAME = LaunchImage;
				FRAMEWORK_SEARCH_PATHS = "./**";
				GCC_PRECOMPILE_PREFIX_HEADER = YES;
				GCC_PREFIX_HEADER = "happen-app/happen-app-Prefix.pch";
				INFOPLIST_FILE = "happen-app/happen-app-Info.plist";
				PRODUCT_NAME = "$(TARGET_NAME)";
				WRAPPER_EXTENSION = app;
			};
			name = Debug;
		};
		D9A9718D1896DE5F002471D0 /* Release */ = {
			isa = XCBuildConfiguration;
			buildSettings = {
				ASSETCATALOG_COMPILER_APPICON_NAME = AppIcon;
				ASSETCATALOG_COMPILER_LAUNCHIMAGE_NAME = LaunchImage;
				FRAMEWORK_SEARCH_PATHS = "./**";
				GCC_PRECOMPILE_PREFIX_HEADER = YES;
				GCC_PREFIX_HEADER = "happen-app/happen-app-Prefix.pch";
				INFOPLIST_FILE = "happen-app/happen-app-Info.plist";
				PRODUCT_NAME = "$(TARGET_NAME)";
				WRAPPER_EXTENSION = app;
			};
			name = Release;
		};
		D9A9718F1896DE5F002471D0 /* Debug */ = {
			isa = XCBuildConfiguration;
			buildSettings = {
				ARCHS = "$(ARCHS_STANDARD_INCLUDING_64_BIT)";
				BUNDLE_LOADER = "$(BUILT_PRODUCTS_DIR)/happen-app.app/happen-app";
				FRAMEWORK_SEARCH_PATHS = (
					"$(SDKROOT)/Developer/Library/Frameworks",
					"$(inherited)",
					"$(DEVELOPER_FRAMEWORKS_DIR)",
				);
				GCC_PRECOMPILE_PREFIX_HEADER = YES;
				GCC_PREFIX_HEADER = "happen-app/happen-app-Prefix.pch";
				GCC_PREPROCESSOR_DEFINITIONS = (
					"DEBUG=1",
					"$(inherited)",
				);
				INFOPLIST_FILE = "happen-appTests/happen-appTests-Info.plist";
				PRODUCT_NAME = "$(TARGET_NAME)";
				TEST_HOST = "$(BUNDLE_LOADER)";
				WRAPPER_EXTENSION = xctest;
			};
			name = Debug;
		};
		D9A971901896DE5F002471D0 /* Release */ = {
			isa = XCBuildConfiguration;
			buildSettings = {
				ARCHS = "$(ARCHS_STANDARD_INCLUDING_64_BIT)";
				BUNDLE_LOADER = "$(BUILT_PRODUCTS_DIR)/happen-app.app/happen-app";
				FRAMEWORK_SEARCH_PATHS = (
					"$(SDKROOT)/Developer/Library/Frameworks",
					"$(inherited)",
					"$(DEVELOPER_FRAMEWORKS_DIR)",
				);
				GCC_PRECOMPILE_PREFIX_HEADER = YES;
				GCC_PREFIX_HEADER = "happen-app/happen-app-Prefix.pch";
				INFOPLIST_FILE = "happen-appTests/happen-appTests-Info.plist";
				PRODUCT_NAME = "$(TARGET_NAME)";
				TEST_HOST = "$(BUNDLE_LOADER)";
				WRAPPER_EXTENSION = xctest;
			};
			name = Release;
		};
/* End XCBuildConfiguration section */

/* Begin XCConfigurationList section */
		D9A971511896DE5F002471D0 /* Build configuration list for PBXProject "happen-app" */ = {
			isa = XCConfigurationList;
			buildConfigurations = (
				D9A971891896DE5F002471D0 /* Debug */,
				D9A9718A1896DE5F002471D0 /* Release */,
			);
			defaultConfigurationIsVisible = 0;
			defaultConfigurationName = Release;
		};
		D9A9718B1896DE5F002471D0 /* Build configuration list for PBXNativeTarget "happen-app" */ = {
			isa = XCConfigurationList;
			buildConfigurations = (
				D9A9718C1896DE5F002471D0 /* Debug */,
				D9A9718D1896DE5F002471D0 /* Release */,
			);
			defaultConfigurationIsVisible = 0;
			defaultConfigurationName = Release;
		};
		D9A9718E1896DE5F002471D0 /* Build configuration list for PBXNativeTarget "happen-appTests" */ = {
			isa = XCConfigurationList;
			buildConfigurations = (
				D9A9718F1896DE5F002471D0 /* Debug */,
				D9A971901896DE5F002471D0 /* Release */,
			);
			defaultConfigurationIsVisible = 0;
			defaultConfigurationName = Release;
		};
/* End XCConfigurationList section */
	};
	rootObject = D9A9714E1896DE5F002471D0 /* Project object */;
}
